# This file is machine-generated by `gh actions-lock`.
# Do not edit by hand; run `gh actions-lock` to update.
# Docs: https://gh.io/actions-lockfile
version: 'v0.0.2'
workflows:
    '.github/workflows/governance.yml': []
    '.github/workflows/hypatia-scan.yml': []
    '.github/workflows/secret-scanner.yml': []
    '.github/workflows/action.yml':
        - 'actions/checkout@v4.3.1'
        - 'gaurav-nelson/github-action-markdown-link-check@v1'
    '.github/workflows/runtime-policy.yml':
        - 'actions/checkout@v6.0.2'
dependencies:
    'actions/checkout@v4.3.1':
        ref: 'v4.3.1'
        commit: 'sha1-34e114876b0b11c390a56381ad16ebd13914f8d5'
        owner_id: 44036562
        repo_id: 197814629
    'actions/checkout@v6.0.2':
        ref: 'v6.0.2'
        commit: 'sha1-de0fac2e4500dabe0009e67214ff5f5447ce83dd'
        owner_id: 44036562
        repo_id: 197814629
    'gaurav-nelson/github-action-markdown-link-check@v1':
        ref: 'v1'
        commit: 'sha1-5c5dfc0ac2e225883c0e5f03a85311ec2830d368'
        owner_id: 23069445
        repo_id: 178552370
